<?xml version="1.0" encoding="utf-8"?>
<Project ToolsVersion="4.0" xmlns="http://schemas.microsoft.com/developer/msbuild/2003">
  <ItemGroup>
    <Filter Include="Source Files">
      <UniqueIdentifier>{4FC737F1-C7A5-4376-A066-2A32D752A2FF}</UniqueIdentifier>
      <Extensions>cpp;c;cc;cxx;def;odl;idl;hpj;bat;asm;asmx</Extensions>
    </Filter>
    <Filter Include="Header Files">
      <UniqueIdentifier>{93995380-89BD-4b04-88EB-625FBE52EBFB}</UniqueIdentifier>
      <Extensions>h;hpp;hxx;hm;inl;inc;xsd</Extensions>
    </Filter>
    <Filter Include="Resource Files">
      <UniqueIdentifier>{67DA6AB6-F800-4c08-8B7A-83BB121AAD01}</UniqueIdentifier>
      <Extensions>rc;ico;cur;bmp;dlg;rc2;rct;bin;rgs;gif;jpg;jpeg;jpe;resx;tiff;tif;png;wav;mfcribbon-ms</Extensions>
    </Filter>
    <Filter Include="Driver Files">
      <UniqueIdentifier>{8E41214B-6785-4CFE-B992-037D68949A14}</UniqueIdentifier>
      <Extensions>inf;inv;inx;mof;mc;</Extensions>
    </Filter>
    <Filter Include="VmUtils">
      <UniqueIdentifier>{6441c663-5895-4d63-9684-2dfdb84d0bb6}</UniqueIdentifier>
    </Filter>
    <Filter Include="Vmx">
      <UniqueIdentifier>{1a514472-3c4b-47c0-8ca2-c52d64e472a1}</UniqueIdentifier>
    </Filter>
    <Filter Include="Vmcs">
      <UniqueIdentifier>{4ea4c603-86ed-4bf6-900c-25cd2e17b5b3}</UniqueIdentifier>
    </Filter>
    <Filter Include="Ept">
      <UniqueIdentifier>{8ce47128-2148-4c59-87e1-d16c90f293bd}</UniqueIdentifier>
    </Filter>
  </ItemGroup>
  <ItemGroup>
    <Inf Include="SimpleHypervisor.inf">
      <Filter>Driver Files</Filter>
    </Inf>
  </ItemGroup>
  <ItemGroup>
    <ClCompile Include="Main.cpp">
      <Filter>Source Files</Filter>
    </ClCompile>
    <ClCompile Include="VmUtils.cpp">
      <Filter>VmUtils</Filter>
    </ClCompile>
    <ClCompile Include="Vmcs.cpp">
      <Filter>Vmcs</Filter>
    </ClCompile>
    <ClCompile Include="Ept.cpp">
      <Filter>Ept</Filter>
    </ClCompile>
    <ClCompile Include="Vmx.cpp">
      <Filter>Vmx</Filter>
    </ClCompile>
    <ClCompile Include="HyperVisor.cpp">
      <Filter>Vmx</Filter>
    </ClCompile>
    <ClCompile Include="VmExit.cpp">
      <Filter>Vmx</Filter>
    </ClCompile>
  </ItemGroup>
  <ItemGroup>
    <ClInclude Include="stdafx.h">
      <Filter>Header Files</Filter>
    </ClInclude>
    <ClInclude Include="VmUtils.hpp">
      <Filter>VmUtils</Filter>
    </ClInclude>
    <ClInclude Include="ia32.h">
      <Filter>VmUtils</Filter>
    </ClInclude>
    <ClInclude Include="Vmcs.hpp">
      <Filter>Vmcs</Filter>
    </ClInclude>
    <ClInclude Include="Ept.hpp">
      <Filter>Ept</Filter>
    </ClInclude>
    <ClInclude Include="Vmx.hpp">
      <Filter>Vmx</Filter>
    </ClInclude>
    <ClInclude Include="ia32.hpp">
      <Filter>VmUtils</Filter>
    </ClInclude>
  </ItemGroup>
  <ItemGroup>
    <MASM Include="asm64.asm">
      <Filter>Source Files</Filter>
    </MASM>
  </ItemGroup>
</Project>